// !$*UTF8*$!
{
	archiveVersion = 1;
	classes = {
	};
	objectVersion = 50;
	objects = {

/* Begin PBXBuildFile section */
		FD321E4E21A2D9170006F0E0 /* AppDelegate.swift in Sources */ = {isa = PBXBuildFile; fileRef = FD321E4D21A2D9170006F0E0 /* AppDelegate.swift */; };
		FD321E5021A2D9170006F0E0 /* ViewController.swift in Sources */ = {isa = PBXBuildFile; fileRef = FD321E4F21A2D9170006F0E0 /* ViewController.swift */; };
		FD321E5321A2D9170006F0E0 /* Main.storyboard in Resources */ = {isa = PBXBuildFile; fileRef = FD321E5121A2D9170006F0E0 /* Main.storyboard */; };
		FD321E5521A2D91E0006F0E0 /* Assets.xcassets in Resources */ = {isa = PBXBuildFile; fileRef = FD321E5421A2D91E0006F0E0 /* Assets.xcassets */; };
		FD321E5821A2D91E0006F0E0 /* LaunchScreen.storyboard in Resources */ = {isa = PBXBuildFile; fileRef = FD321E5621A2D91E0006F0E0 /* LaunchScreen.storyboard */; };
		FD321E6021A2DB080006F0E0 /* LoadViewController.swift in Sources */ = {isa = PBXBuildFile; fileRef = FD321E5F21A2DB080006F0E0 /* LoadViewController.swift */; };
/* End PBXBuildFile section */

/* Begin PBXFileReference section */
		FD321E4A21A2D9170006F0E0 /* GeneratePDF7&Save.app */ = {isa = PBXFileReference; explicitFileType = wrapper.application; includeInIndex = 0; path = "GeneratePDF7&Save.app"; sourceTree = BUILT_PRODUCTS_DIR; };
		FD321E4D21A2D9170006F0E0 /* AppDelegate.swift */ = {isa = PBXFileReference; lastKnownFileType = sourcecode.swift; path = AppDelegate.swift; sourceTree = "<group>"; };
		FD321E4F21A2D9170006F0E0 /* ViewController.swift */ = {isa = PBXFileReference; lastKnownFileType = sourcecode.swift; path = ViewController.swift; sourceTree = "<group>"; };
		FD321E5221A2D9170006F0E0 /* Base */ = {isa = PBXFileReference; lastKnownFileType = file.storyboard; name = Base; path = Base.lproj/Main.storyboard; sourceTree = "<group>"; };
		FD321E5421A2D91E0006F0E0 /* Assets.xcassets */ = {isa = PBXFileReference; lastKnownFileType = folder.assetcatalog; path = Assets.xcassets; sourceTree = "<group>"; };
		FD321E5721A2D91E0006F0E0 /* Base */ = {isa = PBXFileReference; lastKnownFileType = file.storyboard; name = Base; path = Base.lproj/LaunchScreen.storyboard; sourceTree = "<group>"; };
		FD321E5921A2D91E0006F0E0 /* Info.plist */ = {isa = PBXFileReference; lastKnownFileType = text.plist.xml; path = Info.plist; sourceTree = "<group>"; };
		FD321E5F21A2DB080006F0E0 /* LoadViewController.swift */ = {isa = PBXFileReference; lastKnownFileType = sourcecode.swift; path = LoadViewController.swift; sourceTree = "<group>"; };
/* End PBXFileReference section */

/* Begin PBXFrameworksBuildPhase section */
		FD321E4721A2D9170006F0E0 /* Frameworks */ = {
			isa = PBXFrameworksBuildPhase;
			buildActionMask = 2147483647;
			files = (
			);
			runOnlyForDeploymentPostprocessing = 0;
		};
/* End PBXFrameworksBuildPhase section */

/* Begin PBXGroup section */
		FD321E4121A2D9170006F0E0 = {
			isa = PBXGroup;
			children = (
				FD321E4C21A2D9170006F0E0 /* GeneratePDF7&Save */,
				FD321E4B21A2D9170006F0E0 /* Products */,
			);
			sourceTree = "<group>";
		};
		FD321E4B21A2D9170006F0E0 /* Products */ = {
			isa = PBXGroup;
			children = (
				FD321E4A21A2D9170006F0E0 /* GeneratePDF7&Save.app */,
			);
			name = Products;
			sourceTree = "<group>";
		};
		FD321E4C21A2D9170006F0E0 /* GeneratePDF7&Save */ = {
			isa = PBXGroup;
			children = (
				FD321E4D21A2D9170006F0E0 /* AppDelegate.swift */,
				FD321E4F21A2D9170006F0E0 /* ViewController.swift */,
				FD321E5F21A2DB080006F0E0 /* LoadViewController.swift */,
				FD321E5121A2D9170006F0E0 /* Main.storyboard */,
				FD321E5421A2D91E0006F0E0 /* Assets.xcassets */,
				FD321E5621A2D91E0006F0E0 /* LaunchScreen.storyboard */,
				FD321E5921A2D91E0006F0E0 /* Info.plist */,
			);
			path = "GeneratePDF7&Save";
			sourceTree = "<group>";
		};
/* End PBXGroup section */

/* Begin PBXNativeTarget section */
		FD321E4921A2D9170006F0E0 /* GeneratePDF7&Save */ = {
			isa = PBXNativeTarget;
			buildConfigurationList = FD321E5C21A2D91E0006F0E0 /* Build configuration list for PBXNativeTarget "GeneratePDF7&Save" */;
			buildPhases = (
				FD321E4621A2D9170006F0E0 /* Sources */,
				FD321E4721A2D9170006F0E0 /* Frameworks */,
				FD321E4821A2D9170006F0E0 /* Resources */,
			);
			buildRules = (
			);
			dependencies = (
			);
			name = "GeneratePDF7&Save";
			productName = "GeneratePDF7&Save";
			productReference = FD321E4A21A2D9170006F0E0 /* GeneratePDF7&Save.app */;
			productType = "com.apple.product-type.application";
		};
/* End PBXNativeTarget section */

/* Begin PBXProject section */
		FD321E4221A2D9170006F0E0 /* Project object */ = {
			isa = PBXProject;
			attributes = {
				LastSwiftUpdateCheck = 0940;
				LastUpgradeCheck = 0940;
				ORGANIZATIONNAME = "volive solutions";
				TargetAttributes = {
					FD321E4921A2D9170006F0E0 = {
						CreatedOnToolsVersion = 9.4.1;
					};
				};
			};
			buildConfigurationList = FD321E4521A2D9170006F0E0 /* Build configuration list for PBXProject "GeneratePDF7&Save" */;
			compatibilityVersion = "Xcode 9.3";
			developmentRegion = en;
			hasScannedForEncodings = 0;
			knownRegions = (
				en,
				Base,
			);
			mainGroup = FD321E4121A2D9170006F0E0;
			productRefGroup = FD321E4B21A2D9170006F0E0 /* Products */;
			projectDirPath = "";
			projectRoot = "";
			targets = (
				FD321E4921A2D9170006F0E0 /* GeneratePDF7&Save */,
			);
		};
/* End PBXProject section */

/* Begin PBXResourcesBuildPhase section */
		FD321E4821A2D9170006F0E0 /* Resources */ = {
			isa = PBXResourcesBuildPhase;
			buildActionMask = 2147483647;
			files = (
				FD321E5821A2D91E0006F0E0 /* LaunchScreen.storyboard in Resources */,
				FD321E5521A2D91E0006F0E0 /* Assets.xcassets in Resources */,
				FD321E5321A2D9170006F0E0 /* Main.storyboard in Resources */,
			);
			runOnlyForDeploymentPostprocessing = 0;
		};
/* End PBXResourcesBuildPhase section */

/* Begin PBXSourcesBuildPhase section */
		FD321E4621A2D9170006F0E0 /* Sources */ = {
			isa = PBXSourcesBuildPhase;
			buildActionMask = 2147483647;
			files = (
				FD321E6021A2DB080006F0E0 /* LoadViewController.swift in Sources */,
				FD321E5021A2D9170006F0E0 /* ViewController.swift in Sources */,
				FD321E4E21A2D9170006F0E0 /* AppDelegate.swift in Sources */,
			);
			runOnlyForDeploymentPostprocessing = 0;
		};
/* End PBXSourcesBuildPhase section */

/* Begin PBXVariantGroup section */
		FD321E5121A2D9170006F0E0 /* Main.storyboard */ = {
			isa = PBXVariantGroup;
			children = (
				FD321E5221A2D9170006F0E0 /* Base */,
			);
			name = Main.storyboard;
			sourceTree = "<group>";
		};
		FD321E5621A2D91E0006F0E0 /* LaunchScreen.storyboard */ = {
			isa = PBXVariantGroup;
			children = (
				FD321E5721A2D91E0006F0E0 /* Base */,
			);
			name = LaunchScreen.storyboard;
			sourceTree = "<group>";
		};
/* End PBXVariantGroup section */

/* Begin XCBuildConfiguration section */
		FD321E5A21A2D91E0006F0E0 /* Debug */ = {
			isa = XCBuildConfiguration;
			buildSettings = {
				ALWAYS_SEARCH_USER_PATHS = NO;
				CLANG_ANALYZER_NONNULL = YES;
				CLANG_ANALYZER_NUMBER_OBJECT_CONVERSION = YES_AGGRESSIVE;
				CLANG_CXX_LANGUAGE_STANDARD = "gnu++14";
				CLANG_CXX_LIBRARY = "libc++";
				CLANG_ENABLE_MODULES = YES;
				CLANG_ENABLE_OBJC_ARC = YES;
				CLANG_ENABLE_OBJC_WEAK = YES;
				CLANG_WARN_BLOCK_CAPTURE_AUTORELEASING = YES;
				CLANG_WARN_BOOL_CONVERSION = YES;
				CLANG_WARN_COMMA = YES;
				CLANG_WARN_CONSTANT_CONVERSION = YES;
				CLANG_WARN_DEPRECATED_OBJC_IMPLEMENTATIONS = YES;
				CLANG_WARN_DIRECT_OBJC_ISA_USAGE = YES_ERROR;
				CLANG_WARN_DOCUMENTATION_COMMENTS = YES;
				CLANG_WARN_EMPTY_BODY = YES;
				CLANG_WARN_ENUM_CONVERSION = YES;
				CLANG_WARN_INFINITE_RECURSION = YES;
				CLANG_WARN_INT_CONVERSION = YES;
				CLANG_WARN_NON_LITERAL_NULL_CONVERSION = YES;
				CLANG_WARN_OBJC_IMPLICIT_RETAIN_SELF = YES;
				CLANG_WARN_OBJC_LITERAL_CONVERSION = YES;
				CLANG_WARN_OBJC_ROOT_CLASS = YES_ERROR;
				CLANG_WARN_RANGE_LOOP_ANALYSIS = YES;
				CLANG_WARN_STRICT_PROTOTYPES = YES;
				CLANG_WARN_SUSPICIOUS_MOVE = YES;
				CLANG_WARN_UNGUARDED_AVAILABILITY = YES_AGGRESSIVE;
				CLANG_WARN_UNREACHABLE_CODE = YES;
				CLANG_WARN__DUPLICATE_METHOD_MATCH = YES;
				CODE_SIGN_IDENTITY = "iPhone Developer";
				COPY_PHASE_STRIP = NO;
				DEBUG_INFORMATION_FORMAT = dwarf;
				ENABLE_STRICT_OBJC_MSGSEND = YES;
				ENABLE_TESTABILITY = YES;
				GCC_C_LANGUAGE_STANDARD = gnu11;
				GCC_DYNAMIC_NO_PIC = NO;
				GCC_NO_COMMON_BLOCKS = YES;
				GCC_OPTIMIZATION_LEVEL = 0;
				GCC_PREPROCESSOR_DEFINITIONS = (
					"DEBUG=1",
					"$(inherited)",
				);
				GCC_WARN_64_TO_32_BIT_CONVERSION = YES;
				GCC_WARN_ABOUT_RETURN_TYPE = YES_ERROR;
				GCC_WARN_UNDECLARED_SELECTOR = YES;
				GCC_WARN_UNINITIALIZED_AUTOS = YES_AGGRESSIVE;
				GCC_WARN_UNUSED_FUNCTION = YES;
				GCC_WARN_UNUSED_VARIABLE = YES;
				IPHONEOS_DEPLOYMENT_TARGET = 11.4;
				MTL_ENABLE_DEBUG_INFO = YES;
				ONLY_ACTIVE_ARCH = YES;
				SDKROOT = iphoneos;
				SWIFT_ACTIVE_COMPILATION_CONDITIONS = DEBUG;
				SWIFT_OPTIMIZATION_LEVEL = "-Onone";
			};
			name = Debug;
		};
		FD321E5B21A2D91E0006F0E0 /* Release */ = {
			isa = XCBuildConfiguration;
			buildSettings = {
				ALWAYS_SEARCH_USER_PATHS = NO;
				CLANG_ANALYZER_NONNULL = YES;
				CLANG_ANALYZER_NUMBER_OBJECT_CONVERSION = YES_AGGRESSIVE;
				CLANG_CXX_LANGUAGE_STANDARD = "gnu++14";
				CLANG_CXX_LIBRARY = "libc++";
				CLANG_ENABLE_MODULES = YES;
				CLANG_ENABLE_OBJC_ARC = YES;
				CLANG_ENABLE_OBJC_WEAK = YES;
				CLANG_WARN_BLOCK_CAPTURE_AUTORELEASING = YES;
				CLANG_WARN_BOOL_CONVERSION = YES;
				CLANG_WARN_COMMA = YES;
				CLANG_WARN_CONSTANT_CONVERSION = YES;
				CLANG_WARN_DEPRECATED_OBJC_IMPLEMENTATIONS = YES;
				CLANG_WARN_DIRECT_OBJC_ISA_USAGE = YES_ERROR;
				CLANG_WARN_DOCUMENTATION_COMMENTS = YES;
				CLANG_WARN_EMPTY_BODY = YES;
				CLANG_WARN_ENUM_CONVERSION = YES;
				CLANG_WARN_INFINITE_RECURSION = YES;
				CLANG_WARN_INT_CONVERSION = YES;
				CLANG_WARN_NON_LITERAL_NULL_CONVERSION = YES;
				CLANG_WARN_OBJC_IMPLICIT_RETAIN_SELF = YES;
				CLANG_WARN_OBJC_LITERAL_CONVERSION = YES;
				CLANG_WARN_OBJC_ROOT_CLASS = YES_ERROR;
				CLANG_WARN_RANGE_LOOP_ANALYSIS = YES;
				CLANG_WARN_STRICT_PROTOTYPES = YES;
				CLANG_WARN_SUSPICIOUS_MOVE = YES;
				CLANG_WARN_UNGUARDED_AVAILABILITY = YES_AGGRESSIVE;
				CLANG_WARN_UNREACHABLE_CODE = YES;
				CLANG_WARN__DUPLICATE_METHOD_MATCH = YES;
				CODE_SIGN_IDENTITY = "iPhone Developer";
				COPY_PHASE_STRIP = NO;
				DEBUG_INFORMATION_FORMAT = "dwarf-with-dsym";
				ENABLE_NS_ASSERTIONS = NO;
				ENABLE_STRICT_OBJC_MSGSEND = YES;
				GCC_C_LANGUAGE_STANDARD = gnu11;
				GCC_NO_COMMON_BLOCKS = YES;
				GCC_WARN_64_TO_32_BIT_CONVERSION = YES;
				GCC_WARN_ABOUT_RETURN_TYPE = YES_ERROR;
				GCC_WARN_UNDECLARED_SELECTOR = YES;
				GCC_WARN_UNINITIALIZED_AUTOS = YES_AGGRESSIVE;
				GCC_WARN_UNUSED_FUNCTION = YES;
				GCC_WARN_UNUSED_VARIABLE = YES;
				IPHONEOS_DEPLOYMENT_TARGET = 11.4;
				MTL_ENABLE_DEBUG_INFO = NO;
				SDKROOT = iphoneos;
				SWIFT_COMPILATION_MODE = wholemodule;
				SWIFT_OPTIMIZATION_LEVEL = "-O";
				VALIDATE_PRODUCT = YES;
			};
			name = Release;
		};
		FD321E5D21A2D91E0006F0E0 /* Debug */ = {
			isa = XCBuildConfiguration;
			buildSettings = {
				ASSETCATALOG_COMPILER_APPICON_NAME = AppIcon;
				CODE_SIGN_STYLE = Automatic;
				DEVELOPMENT_TEAM = JZHFWKUNJV;
				INFOPLIST_FILE = "GeneratePDF7&Save/Info.plist";
				IPHONEOS_DEPLOYMENT_TARGET = 9.0;
				LD_RUNPATH_SEARCH_PATHS = (
					"$(inherited)",
					"@executable_path/Frameworks",
				);
				PRODUCT_BUNDLE_IDENTIFIER = "volive.GeneratePDF7-Save";
				PRODUCT_NAME = "$(TARGET_NAME)";
				SWIFT_VERSION = 4.0;
				TARGETED_DEVICE_FAMILY = "1,2";
			};
			name = Debug;
		};
		FD321E5E21A2D91E0006F0E0 /* Release */ = {
			isa = XCBuildConfiguration;
			buildSettings = {
				ASSETCATALOG_COMPILER_APPICON_NAME = AppIcon;
				CODE_SIGN_STYLE = Automatic;
				DEVELOPMENT_TEAM = JZHFWKUNJV;
				INFOPLIST_FILE = "GeneratePDF7&Save/Info.plist";
				IPHONEOS_DEPLOYMENT_TARGET = 9.0;
				LD_RUNPATH_SEARCH_PATHS = (
					"$(inherited)",
					"@executable_path/Frameworks",
				);
				PRODUCT_BUNDLE_IDENTIFIER = "volive.GeneratePDF7-Save";
				PRODUCT_NAME = "$(TARGET_NAME)";
				SWIFT_VERSION = 4.0;
				TARGETED_DEVICE_FAMILY = "1,2";
			};
			name = Release;
		};
/* End XCBuildConfiguration section */

/* Begin XCConfigurationList section */
		FD321E4521A2D9170006F0E0 /* Build configuration list for PBXProject "GeneratePDF7&Save" */ = {
			isa = XCConfigurationList;
			buildConfigurations = (
				FD321E5A21A2D91E0006F0E0 /* Debug */,
				FD321E5B21A2D91E0006F0E0 /* Release */,
			);
			defaultConfigurationIsVisible = 0;
			defaultConfigurationName = Release;
		};
		FD321E5C21A2D91E0006F0E0 /* Build configuration list for PBXNativeTarget "GeneratePDF7&Save" */ = {
			isa = XCConfigurationList;
			buildConfigurations = (
				FD321E5D21A2D91E0006F0E0 /* Debug */,
				FD321E5E21A2D91E0006F0E0 /* Release */,
			);
			defaultConfigurationIsVisible = 0;
			defaultConfigurationName = Release;
		};
/* End XCConfigurationList section */
	};
	rootObject = FD321E4221A2D9170006F0E0 /* Project object */;
}
